
Microsoft Visual Studio Solution File, Format Version 12.00
# Visual Studio Version 16
VisualStudioVersion = 16.0.30907.101
MinimumVisualStudioVersion = 10.0.40219.1
Project("{9A19103F-16F7-4668-BE54-9A1E7A4F7556}") = "RefAndValueTypes", "RefAndValueType\RefAndValueTypes.csproj", "{01D39390-4F36-447A-9EBD-5487D4B904D2}"
EndProject
Project("{9A19103F-16F7-4668-BE54-9A1E7A4F7556}") = "Basic", "Basic\Basic.csproj", "{0A5DB9B3-B917-496E-821C-F8BF74C1F123}"
EndProject
Project("{9A19103F-16F7-4668-BE54-9A1E7A4F7556}") = "ClassMetotDemo", "ClassMetotDemo\ClassMetotDemo.csproj", "{7A2146CB-E550-4164-BFAC-CB806B89AE24}"
EndProject
Project("{9A19103F-16F7-4668-BE54-9A1E7A4F7556}") = "GenericClass", "GenericClass\GenericClass.csproj", "{5B8ACF24-04B4-404E-AC7B-102B450B4046}"
EndProject
Project("{9A19103F-16F7-4668-BE54-9A1E7A4F7556}") = "Inheritance", "Inheritance\Inheritance.csproj", "{AF6CEE89-AC88-4064-87F1-5568C58B1D49}"
EndProject
Project("{9A19103F-16F7-4668-BE54-9A1E7A4F7556}") = "Interfaces", "Interfaces\Interfaces.csproj", "{61900908-CAFD-4FE1-9DDD-23C36D77C3D8}"
EndProject
Project("{9A19103F-16F7-4668-BE54-9A1E7A4F7556}") = "VirtualAndOverride", "VirtualAndOverride\VirtualAndOverride.csproj", "{C778F660-356C-4082-86D2-533788F38531}"
EndProject
Project("{FAE04EC0-301F-11D3-BF4B-00C04F79EFBC}") = "RecapDemo", "RecapDemo\RecapDemo.csproj", "{9E56DD1D-BA32-458F-BB06-81451EC0B324}"
EndProject
Project("{9A19103F-16F7-4668-BE54-9A1E7A4F7556}") = "InterfaceAbstractDemo", "InterfaceAbstractDemo\InterfaceAbstractDemo.csproj", "{5D15B227-27D7-4052-8242-0D9552E3FE20}"
EndProject
Project("{9A19103F-16F7-4668-BE54-9A1E7A4F7556}") = "GameProject", "GameProject\GameProject.csproj", "{5F392D18-79E5-47B2-9E4B-92E042EBE255}"
EndProject
Project("{FAE04EC0-301F-11D3-BF4B-00C04F79EFBC}") = "OOP", "OOP\OOP.csproj", "{16E1C24B-E293-4B3C-A847-6D6F944D673D}"
EndProject
Global
	GlobalSection(SolutionConfigurationPlatforms) = preSolution
		Debug|Any CPU = Debug|Any CPU
		Release|Any CPU = Release|Any CPU
	EndGlobalSection
	GlobalSection(ProjectConfigurationPlatforms) = postSolution
		{01D39390-4F36-447A-9EBD-5487D4B904D2}.Debug|Any CPU.ActiveCfg = Debug|Any CPU
		{01D39390-4F36-447A-9EBD-5487D4B904D2}.Debug|Any CPU.Build.0 = Debug|Any CPU
		{01D39390-4F36-447A-9EBD-5487D4B904D2}.Release|Any CPU.ActiveCfg = Release|Any CPU
		{01D39390-4F36-447A-9EBD-5487D4B904D2}.Release|Any CPU.Build.0 = Release|Any CPU
		{0A5DB9B3-B917-496E-821C-F8BF74C1F123}.Debug|Any CPU.ActiveCfg = Debug|Any CPU
		{0A5DB9B3-B917-496E-821C-F8BF74C1F123}.Debug|Any CPU.Build.0 = Debug|Any CPU
		{0A5DB9B3-B917-496E-821C-F8BF74C1F123}.Release|Any CPU.ActiveCfg = Release|Any CPU
		{0A5DB9B3-B917-496E-821C-F8BF74C1F123}.Release|Any CPU.Build.0 = Release|Any CPU
		{7A2146CB-E550-4164-BFAC-CB806B89AE24}.Debug|Any CPU.ActiveCfg = Debug|Any CPU
		{7A2146CB-E550-4164-BFAC-CB806B89AE24}.Debug|Any CPU.Build.0 = Debug|Any CPU
		{7A2146CB-E550-4164-BFAC-CB806B89AE24}.Release|Any CPU.ActiveCfg = Release|Any CPU
		{7A2146CB-E550-4164-BFAC-CB806B89AE24}.Release|Any CPU.Build.0 = Release|Any CPU
		{5B8ACF24-04B4-404E-AC7B-102B450B4046}.Debug|Any CPU.ActiveCfg = Debug|Any CPU
		{5B8ACF24-04B4-404E-AC7B-102B450B4046}.Debug|Any CPU.Build.0 = Debug|Any CPU
		{5B8ACF24-04B4-404E-AC7B-102B450B4046}.Release|Any CPU.ActiveCfg = Release|Any CPU
		{5B8ACF24-04B4-404E-AC7B-102B450B4046}.Release|Any CPU.Build.0 = Release|Any CPU
		{AF6CEE89-AC88-4064-87F1-5568C58B1D49}.Debug|Any CPU.ActiveCfg = Debug|Any CPU
		{AF6CEE89-AC88-4064-87F1-5568C58B1D49}.Debug|Any CPU.Build.0 = Debug|Any CPU
		{AF6CEE89-AC88-4064-87F1-5568C58B1D49}.Release|Any CPU.ActiveCfg = Release|Any CPU
		{AF6CEE89-AC88-4064-87F1-5568C58B1D49}.Release|Any CPU.Build.0 = Release|Any CPU
		{61900908-CAFD-4FE1-9DDD-23C36D77C3D8}.Debug|Any CPU.ActiveCfg = Debug|Any CPU
		{61900908-CAFD-4FE1-9DDD-23C36D77C3D8}.Debug|Any CPU.Build.0 = Debug|Any CPU
		{61900908-CAFD-4FE1-9DDD-23C36D77C3D8}.Release|Any CPU.ActiveCfg = Release|Any CPU
		{61900908-CAFD-4FE1-9DDD-23C36D77C3D8}.Release|Any CPU.Build.0 = Release|Any CPU
		{C778F660-356C-4082-86D2-533788F38531}.Debug|Any CPU.ActiveCfg = Debug|Any CPU
		{C778F660-356C-4082-86D2-533788F38531}.Debug|Any CPU.Build.0 = Debug|Any CPU
		{C778F660-356C-4082-86D2-533788F38531}.Release|Any CPU.ActiveCfg = Release|Any CPU
		{C778F660-356C-4082-86D2-533788F38531}.Release|Any CPU.Build.0 = Release|Any CPU
		{9E56DD1D-BA32-458F-BB06-81451EC0B324}.Debug|Any CPU.ActiveCfg = Debug|Any CPU
		{9E56DD1D-BA32-458F-BB06-81451EC0B324}.Debug|Any CPU.Build.0 = Debug|Any CPU
		{9E56DD1D-BA32-458F-BB06-81451EC0B324}.Release|Any CPU.ActiveCfg = Release|Any CPU
		{9E56DD1D-BA32-458F-BB06-81451EC0B324}.Release|Any CPU.Build.0 = Release|Any CPU
		{5D15B227-27D7-4052-8242-0D9552E3FE20}.Debug|Any CPU.ActiveCfg = Debug|Any CPU
		{5D15B227-27D7-4052-8242-0D9552E3FE20}.Debug|Any CPU.Build.0 = Debug|Any CPU
		{5D15B227-27D7-4052-8242-0D9552E3FE20}.Release|Any CPU.ActiveCfg = Release|Any CPU
		{5D15B227-27D7-4052-8242-0D9552E3FE20}.Release|Any CPU.Build.0 = Release|Any CPU
		{5F392D18-79E5-47B2-9E4B-92E042EBE255}.Debug|Any CPU.ActiveCfg = Debug|Any CPU
		{5F392D18-79E5-47B2-9E4B-92E042EBE255}.Debug|Any CPU.Build.0 = Debug|Any CPU
		{5F392D18-79E5-47B2-9E4B-92E042EBE255}.Release|Any CPU.ActiveCfg = Release|Any CPU
		{5F392D18-79E5-47B2-9E4B-92E042EBE255}.Release|Any CPU.Build.0 = Release|Any CPU
		{16E1C24B-E293-4B3C-A847-6D6F944D673D}.Debug|Any CPU.ActiveCfg = Debug|Any CPU
		{16E1C24B-E293-4B3C-A847-6D6F944D673D}.Debug|Any CPU.Build.0 = Debug|Any CPU
		{16E1C24B-E293-4B3C-A847-6D6F944D673D}.Release|Any CPU.ActiveCfg = Release|Any CPU
		{16E1C24B-E293-4B3C-A847-6D6F944D673D}.Release|Any CPU.Build.0 = Release|Any CPU
	EndGlobalSection
	GlobalSection(SolutionProperties) = preSolution
		HideSolutionNode = FALSE
	EndGlobalSection
	GlobalSection(ExtensibilityGlobals) = postSolution
		SolutionGuid = {F27E4635-DD91-4537-85BD-9880FFC92967}
	EndGlobalSection
EndGlobal
