
Microsoft Visual Studio Solution File, Format Version 12.00
# Visual Studio Version 16
VisualStudioVersion = 16.0.30907.101
MinimumVisualStudioVersion = 10.0.40219.1
Project("{9A19103F-16F7-4668-BE54-9A1E7A4F7556}") = "RefAndValueTypes", "RefAndValueType\RefAndValueTypes.csproj", "{01D39390-4F36-447A-9EBD-5487D4B904D2}"
EndProject
Project("{9A19103F-16F7-4668-BE54-9A1E7A4F7556}") = "Basic", "Basic\Basic.csproj", "{0A5DB9B3-B917-496E-821C-F8BF74C1F123}"
EndProject
Project("{9A19103F-16F7-4668-BE54-9A1E7A4F7556}") = "ClassMetotDemo", "ClassMetotDemo\ClassMetotDemo.csproj", "{7A2146CB-E550-4164-BFAC-CB806B89AE24}"
EndProject
Project("{9A19103F-16F7-4668-BE54-9A1E7A4F7556}") = "GenericClass", "GenericClass\GenericClass.csproj", "{5B8ACF24-04B4-404E-AC7B-102B450B4046}"
EndProject
Global
	GlobalSection(SolutionConfigurationPlatforms) = preSolution
		Debug|Any CPU = Debug|Any CPU
		Release|Any CPU = Release|Any CPU
	EndGlobalSection
	GlobalSection(ProjectConfigurationPlatforms) = postSolution
		{01D39390-4F36-447A-9EBD-5487D4B904D2}.Debug|Any CPU.ActiveCfg = Debug|Any CPU
		{01D39390-4F36-447A-9EBD-5487D4B904D2}.Debug|Any CPU.Build.0 = Debug|Any CPU
		{01D39390-4F36-447A-9EBD-5487D4B904D2}.Release|Any CPU.ActiveCfg = Release|Any CPU
		{01D39390-4F36-447A-9EBD-5487D4B904D2}.Release|Any CPU.Build.0 = Release|Any CPU
		{0A5DB9B3-B917-496E-821C-F8BF74C1F123}.Debug|Any CPU.ActiveCfg = Debug|Any CPU
		{0A5DB9B3-B917-496E-821C-F8BF74C1F123}.Debug|Any CPU.Build.0 = Debug|Any CPU
		{0A5DB9B3-B917-496E-821C-F8BF74C1F123}.Release|Any CPU.ActiveCfg = Release|Any CPU
		{0A5DB9B3-B917-496E-821C-F8BF74C1F123}.Release|Any CPU.Build.0 = Release|Any CPU
		{7A2146CB-E550-4164-BFAC-CB806B89AE24}.Debug|Any CPU.ActiveCfg = Debug|Any CPU
		{7A2146CB-E550-4164-BFAC-CB806B89AE24}.Debug|Any CPU.Build.0 = Debug|Any CPU
		{7A2146CB-E550-4164-BFAC-CB806B89AE24}.Release|Any CPU.ActiveCfg = Release|Any CPU
		{7A2146CB-E550-4164-BFAC-CB806B89AE24}.Release|Any CPU.Build.0 = Release|Any CPU
		{5B8ACF24-04B4-404E-AC7B-102B450B4046}.Debug|Any CPU.ActiveCfg = Debug|Any CPU
		{5B8ACF24-04B4-404E-AC7B-102B450B4046}.Debug|Any CPU.Build.0 = Debug|Any CPU
		{5B8ACF24-04B4-404E-AC7B-102B450B4046}.Release|Any CPU.ActiveCfg = Release|Any CPU
		{5B8ACF24-04B4-404E-AC7B-102B450B4046}.Release|Any CPU.Build.0 = Release|Any CPU
	EndGlobalSection
	GlobalSection(SolutionProperties) = preSolution
		HideSolutionNode = FALSE
	EndGlobalSection
	GlobalSection(ExtensibilityGlobals) = postSolution
		SolutionGuid = {F27E4635-DD91-4537-85BD-9880FFC92967}
	EndGlobalSection
EndGlobal
